
Microsoft Visual Studio Solution File, Format Version 12.00
# Visual Studio Version 17
VisualStudioVersion = 17.9.34728.123
MinimumVisualStudioVersion = 10.0.40219.1
Project("{9A19103F-16F7-4668-BE54-9A1E7A4F7556}") = "EELDotNetCore.ConsoleApp", "EELDotNetCore.ConsoleApp\EELDotNetCore.ConsoleApp.csproj", "{560349AF-8839-4A1C-A650-15D75A086422}"
EndProject
Project("{2150E333-8FDC-42A3-9474-1A3956D46DE8}") = "Document", "Document", "{01C5E5DC-1F39-4A50-A00C-762D835BECF5}"
	ProjectSection(SolutionItems) = preProject
		DotNetTrainingBatch4.sql = DotNetTrainingBatch4.sql
		README.md = README.md
	EndProjectSection
EndProject
Project("{2150E333-8FDC-42A3-9474-1A3956D46DE8}") = "Solution Items", "Solution Items", "{B41F3C5E-2344-4E09-AE13-3E6996F7EBF3}"
EndProject
Project("{9A19103F-16F7-4668-BE54-9A1E7A4F7556}") = "EELDotNetCore.RestApi", "EELDotNetCore.RestApi\EELDotNetCore.RestApi.csproj", "{B86511E5-1AEB-4DDA-A763-7B7A0EF6A755}"
EndProject
Project("{9A19103F-16F7-4668-BE54-9A1E7A4F7556}") = "EELDotNetCore.Shared", "EELDotNetCore.Shared\EELDotNetCore.Shared.csproj", "{28763A27-C2A4-4C87-B005-F0BE28A728D0}"
EndProject
Project("{9A19103F-16F7-4668-BE54-9A1E7A4F7556}") = "EELDotNetCore.RestApiWithNLayer", "EELDotNetCore.RestApiWithNLayer\EELDotNetCore.RestApiWithNLayer.csproj", "{6AB20E5F-8AAD-4D38-9383-278E68136BDA}"
EndProject
Project("{9A19103F-16F7-4668-BE54-9A1E7A4F7556}") = "EELDotNetCore.ConsoleAppHttpClient", "EELDotNetCore.ConsoleAppHttpClient\EELDotNetCore.ConsoleAppHttpClient.csproj", "{2900B6FE-EC21-49C7-9CEB-05A99C3AED2E}"
EndProject
Project("{9A19103F-16F7-4668-BE54-9A1E7A4F7556}") = "EELDotNetCore.ConsoleAppHttpClientExample", "EELDotNetCore.ConsoleAppHttpClientExample\EELDotNetCore.ConsoleAppHttpClientExample.csproj", "{EE3650FA-44E9-4C17-BA60-BC52ECB2474E}"
EndProject
Project("{9A19103F-16F7-4668-BE54-9A1E7A4F7556}") = "EELDotNetCore.ConsoleAppRestClientExamples", "EELDotNetCore.ConsoleAppRestClientExamples\EELDotNetCore.ConsoleAppRestClientExamples.csproj", "{007CBD22-52FC-4F96-8682-A0529B8A99C0}"
EndProject
Project("{9A19103F-16F7-4668-BE54-9A1E7A4F7556}") = "EELDotNetCore.WinFormsApp", "EELDotNetCore.WinFormsApp\EELDotNetCore.WinFormsApp.csproj", "{766FDFB8-2D53-4C6A-ACB0-E3322B944A80}"
EndProject
Project("{9A19103F-16F7-4668-BE54-9A1E7A4F7556}") = "EELDotNetCore.PizzaApi", "EELDotNetCore.PizzaApi\EELDotNetCore.PizzaApi.csproj", "{6BD3A0E0-8766-487A-BFF4-57EE8026997C}"
EndProject
Project("{9A19103F-16F7-4668-BE54-9A1E7A4F7556}") = "EELDotNetCore.ConsoleAppRefitExamples", "EELDotNetCore.ConsoleAppRefitExamples\EELDotNetCore.ConsoleAppRefitExamples.csproj", "{E9EA47C2-BCA5-4777-82B5-386D7BE74F3B}"
EndProject
Project("{9A19103F-16F7-4668-BE54-9A1E7A4F7556}") = "EELDotNetCore.WinFormsAppSqlInjection", "EELDotNetCore.WinFormsAppSqlInjection\EELDotNetCore.WinFormsAppSqlInjection.csproj", "{B4BF882F-3317-4A88-A56C-52FA8A4A9579}"
EndProject
Project("{9A19103F-16F7-4668-BE54-9A1E7A4F7556}") = "EELDotNetCore.NLayer.UI", "EELDotNetCore.NLayer.UI\EELDotNetCore.NLayer.UI.csproj", "{3A322ED3-B504-43A2-A6FF-195EB502B294}"
EndProject
Project("{9A19103F-16F7-4668-BE54-9A1E7A4F7556}") = "EELDotNetCore.NLayer.BusinessLogic", "EELDotNetCore.NLayer.BusinessLogic\EELDotNetCore.NLayer.BusinessLogic.csproj", "{911F9768-B05B-4312-947D-99AF18777E64}"
EndProject
Project("{9A19103F-16F7-4668-BE54-9A1E7A4F7556}") = "EELDotNetCore.NLayer.DataAcess", "EELDotNetCore.NLayer.DataAcess\EELDotNetCore.NLayer.DataAcess.csproj", "{909ED814-49E6-481A-B1F6-08F36CB1212E}"
EndProject
Project("{FAE04EC0-301F-11D3-BF4B-00C04F79EFBC}") = "EELDotNetCore.MinimalApi", "EELDotNetCore.MinimalApi\EELDotNetCore.MinimalApi.csproj", "{5C76C9DD-9E5B-4961-B314-0BBF7EA21F16}"
EndProject
Global
	GlobalSection(SolutionConfigurationPlatforms) = preSolution
		Debug|Any CPU = Debug|Any CPU
		Release|Any CPU = Release|Any CPU
	EndGlobalSection
	GlobalSection(ProjectConfigurationPlatforms) = postSolution
		{560349AF-8839-4A1C-A650-15D75A086422}.Debug|Any CPU.ActiveCfg = Debug|Any CPU
		{560349AF-8839-4A1C-A650-15D75A086422}.Debug|Any CPU.Build.0 = Debug|Any CPU
		{560349AF-8839-4A1C-A650-15D75A086422}.Release|Any CPU.ActiveCfg = Release|Any CPU
		{560349AF-8839-4A1C-A650-15D75A086422}.Release|Any CPU.Build.0 = Release|Any CPU
		{B86511E5-1AEB-4DDA-A763-7B7A0EF6A755}.Debug|Any CPU.ActiveCfg = Debug|Any CPU
		{B86511E5-1AEB-4DDA-A763-7B7A0EF6A755}.Debug|Any CPU.Build.0 = Debug|Any CPU
		{B86511E5-1AEB-4DDA-A763-7B7A0EF6A755}.Release|Any CPU.ActiveCfg = Release|Any CPU
		{B86511E5-1AEB-4DDA-A763-7B7A0EF6A755}.Release|Any CPU.Build.0 = Release|Any CPU
		{28763A27-C2A4-4C87-B005-F0BE28A728D0}.Debug|Any CPU.ActiveCfg = Debug|Any CPU
		{28763A27-C2A4-4C87-B005-F0BE28A728D0}.Debug|Any CPU.Build.0 = Debug|Any CPU
		{28763A27-C2A4-4C87-B005-F0BE28A728D0}.Release|Any CPU.ActiveCfg = Release|Any CPU
		{28763A27-C2A4-4C87-B005-F0BE28A728D0}.Release|Any CPU.Build.0 = Release|Any CPU
		{6AB20E5F-8AAD-4D38-9383-278E68136BDA}.Debug|Any CPU.ActiveCfg = Debug|Any CPU
		{6AB20E5F-8AAD-4D38-9383-278E68136BDA}.Debug|Any CPU.Build.0 = Debug|Any CPU
		{6AB20E5F-8AAD-4D38-9383-278E68136BDA}.Release|Any CPU.ActiveCfg = Release|Any CPU
		{6AB20E5F-8AAD-4D38-9383-278E68136BDA}.Release|Any CPU.Build.0 = Release|Any CPU
		{2900B6FE-EC21-49C7-9CEB-05A99C3AED2E}.Debug|Any CPU.ActiveCfg = Debug|Any CPU
		{2900B6FE-EC21-49C7-9CEB-05A99C3AED2E}.Debug|Any CPU.Build.0 = Debug|Any CPU
		{2900B6FE-EC21-49C7-9CEB-05A99C3AED2E}.Release|Any CPU.ActiveCfg = Release|Any CPU
		{2900B6FE-EC21-49C7-9CEB-05A99C3AED2E}.Release|Any CPU.Build.0 = Release|Any CPU
		{EE3650FA-44E9-4C17-BA60-BC52ECB2474E}.Debug|Any CPU.ActiveCfg = Debug|Any CPU
		{EE3650FA-44E9-4C17-BA60-BC52ECB2474E}.Debug|Any CPU.Build.0 = Debug|Any CPU
		{EE3650FA-44E9-4C17-BA60-BC52ECB2474E}.Release|Any CPU.ActiveCfg = Release|Any CPU
		{EE3650FA-44E9-4C17-BA60-BC52ECB2474E}.Release|Any CPU.Build.0 = Release|Any CPU
		{007CBD22-52FC-4F96-8682-A0529B8A99C0}.Debug|Any CPU.ActiveCfg = Debug|Any CPU
		{007CBD22-52FC-4F96-8682-A0529B8A99C0}.Debug|Any CPU.Build.0 = Debug|Any CPU
		{007CBD22-52FC-4F96-8682-A0529B8A99C0}.Release|Any CPU.ActiveCfg = Release|Any CPU
		{007CBD22-52FC-4F96-8682-A0529B8A99C0}.Release|Any CPU.Build.0 = Release|Any CPU
		{766FDFB8-2D53-4C6A-ACB0-E3322B944A80}.Debug|Any CPU.ActiveCfg = Debug|Any CPU
		{766FDFB8-2D53-4C6A-ACB0-E3322B944A80}.Debug|Any CPU.Build.0 = Debug|Any CPU
		{766FDFB8-2D53-4C6A-ACB0-E3322B944A80}.Release|Any CPU.ActiveCfg = Release|Any CPU
		{766FDFB8-2D53-4C6A-ACB0-E3322B944A80}.Release|Any CPU.Build.0 = Release|Any CPU
		{6BD3A0E0-8766-487A-BFF4-57EE8026997C}.Debug|Any CPU.ActiveCfg = Debug|Any CPU
		{6BD3A0E0-8766-487A-BFF4-57EE8026997C}.Debug|Any CPU.Build.0 = Debug|Any CPU
		{6BD3A0E0-8766-487A-BFF4-57EE8026997C}.Release|Any CPU.ActiveCfg = Release|Any CPU
		{6BD3A0E0-8766-487A-BFF4-57EE8026997C}.Release|Any CPU.Build.0 = Release|Any CPU
		{E9EA47C2-BCA5-4777-82B5-386D7BE74F3B}.Debug|Any CPU.ActiveCfg = Debug|Any CPU
		{E9EA47C2-BCA5-4777-82B5-386D7BE74F3B}.Debug|Any CPU.Build.0 = Debug|Any CPU
		{E9EA47C2-BCA5-4777-82B5-386D7BE74F3B}.Release|Any CPU.ActiveCfg = Release|Any CPU
		{E9EA47C2-BCA5-4777-82B5-386D7BE74F3B}.Release|Any CPU.Build.0 = Release|Any CPU
		{B4BF882F-3317-4A88-A56C-52FA8A4A9579}.Debug|Any CPU.ActiveCfg = Debug|Any CPU
		{B4BF882F-3317-4A88-A56C-52FA8A4A9579}.Debug|Any CPU.Build.0 = Debug|Any CPU
		{B4BF882F-3317-4A88-A56C-52FA8A4A9579}.Release|Any CPU.ActiveCfg = Release|Any CPU
		{B4BF882F-3317-4A88-A56C-52FA8A4A9579}.Release|Any CPU.Build.0 = Release|Any CPU
		{3A322ED3-B504-43A2-A6FF-195EB502B294}.Debug|Any CPU.ActiveCfg = Debug|Any CPU
		{3A322ED3-B504-43A2-A6FF-195EB502B294}.Debug|Any CPU.Build.0 = Debug|Any CPU
		{3A322ED3-B504-43A2-A6FF-195EB502B294}.Release|Any CPU.ActiveCfg = Release|Any CPU
		{3A322ED3-B504-43A2-A6FF-195EB502B294}.Release|Any CPU.Build.0 = Release|Any CPU
		{911F9768-B05B-4312-947D-99AF18777E64}.Debug|Any CPU.ActiveCfg = Debug|Any CPU
		{911F9768-B05B-4312-947D-99AF18777E64}.Debug|Any CPU.Build.0 = Debug|Any CPU
		{911F9768-B05B-4312-947D-99AF18777E64}.Release|Any CPU.ActiveCfg = Release|Any CPU
		{911F9768-B05B-4312-947D-99AF18777E64}.Release|Any CPU.Build.0 = Release|Any CPU
		{909ED814-49E6-481A-B1F6-08F36CB1212E}.Debug|Any CPU.ActiveCfg = Debug|Any CPU
		{909ED814-49E6-481A-B1F6-08F36CB1212E}.Debug|Any CPU.Build.0 = Debug|Any CPU
		{909ED814-49E6-481A-B1F6-08F36CB1212E}.Release|Any CPU.ActiveCfg = Release|Any CPU
		{909ED814-49E6-481A-B1F6-08F36CB1212E}.Release|Any CPU.Build.0 = Release|Any CPU
		{5C76C9DD-9E5B-4961-B314-0BBF7EA21F16}.Debug|Any CPU.ActiveCfg = Debug|Any CPU
		{5C76C9DD-9E5B-4961-B314-0BBF7EA21F16}.Debug|Any CPU.Build.0 = Debug|Any CPU
		{5C76C9DD-9E5B-4961-B314-0BBF7EA21F16}.Release|Any CPU.ActiveCfg = Release|Any CPU
		{5C76C9DD-9E5B-4961-B314-0BBF7EA21F16}.Release|Any CPU.Build.0 = Release|Any CPU
	EndGlobalSection
	GlobalSection(SolutionProperties) = preSolution
		HideSolutionNode = FALSE
	EndGlobalSection
	GlobalSection(ExtensibilityGlobals) = postSolution
		SolutionGuid = {C1B2291B-0B0A-4BB0-9E2F-4248F249080F}
	EndGlobalSection
EndGlobal
